// !$*UTF8*$!
{
	archiveVersion = 1;
	classes = {
	};
	objectVersion = 56;
	objects = {

/* Begin PBXBuildFile section */
		277C3C232B6419FF000DB041 /* AppDelegate.swift in Sources */ = {isa = PBXBuildFile; fileRef = 277C3C222B6419FF000DB041 /* AppDelegate.swift */; };
		277C3C252B6419FF000DB041 /* SceneDelegate.swift in Sources */ = {isa = PBXBuildFile; fileRef = 277C3C242B6419FF000DB041 /* SceneDelegate.swift */; };
		277C3C2C2B641A01000DB041 /* Assets.xcassets in Resources */ = {isa = PBXBuildFile; fileRef = 277C3C2B2B641A01000DB041 /* Assets.xcassets */; };
		277C3C2F2B641A01000DB041 /* LaunchScreen.storyboard in Resources */ = {isa = PBXBuildFile; fileRef = 277C3C2D2B641A01000DB041 /* LaunchScreen.storyboard */; };
		277C3C3C2B641A82000DB041 /* UserInforData.swift in Sources */ = {isa = PBXBuildFile; fileRef = 277C3C3B2B641A82000DB041 /* UserInforData.swift */; };
		277C3C3E2B641A8F000DB041 /* Category.swift in Sources */ = {isa = PBXBuildFile; fileRef = 277C3C3D2B641A8F000DB041 /* Category.swift */; };
		277C3C402B641A9D000DB041 /* TaskViewModel.swift in Sources */ = {isa = PBXBuildFile; fileRef = 277C3C3F2B641A9D000DB041 /* TaskViewModel.swift */; };
		277C3C422B641AA9000DB041 /* TaskDataManager.swift in Sources */ = {isa = PBXBuildFile; fileRef = 277C3C412B641AA9000DB041 /* TaskDataManager.swift */; };
		277C3C442B641ACD000DB041 /* MainVC.swift in Sources */ = {isa = PBXBuildFile; fileRef = 277C3C432B641ACD000DB041 /* MainVC.swift */; };
		277C3C482B641AE7000DB041 /* TodoVC.swift in Sources */ = {isa = PBXBuildFile; fileRef = 277C3C472B641AE7000DB041 /* TodoVC.swift */; };
		277C3C4A2B641AF8000DB041 /* CategoryVC.swift in Sources */ = {isa = PBXBuildFile; fileRef = 277C3C492B641AF8000DB041 /* CategoryVC.swift */; };
		277C3C4C2B641B05000DB041 /* TaskListVC.swift in Sources */ = {isa = PBXBuildFile; fileRef = 277C3C4B2B641B05000DB041 /* TaskListVC.swift */; };
		277C3C4E2B641B12000DB041 /* PhotoCollectionVC.swift in Sources */ = {isa = PBXBuildFile; fileRef = 277C3C4D2B641B12000DB041 /* PhotoCollectionVC.swift */; };
		277C3C512B641DF0000DB041 /* SnapKit in Frameworks */ = {isa = PBXBuildFile; productRef = 277C3C502B641DF0000DB041 /* SnapKit */; };
		277C3C532B641DF0000DB041 /* SnapKit-Dynamic in Frameworks */ = {isa = PBXBuildFile; productRef = 277C3C522B641DF0000DB041 /* SnapKit-Dynamic */; };
		277C3C5A2B67877C000DB041 /* OpenSans-Bold.ttf in Resources */ = {isa = PBXBuildFile; fileRef = 277C3C592B67877C000DB041 /* OpenSans-Bold.ttf */; };
		277C3C5C2B67C188000DB041 /* ProfileVC.swift in Sources */ = {isa = PBXBuildFile; fileRef = 277C3C5B2B67C188000DB041 /* ProfileVC.swift */; };
		277C3C5E2B67C265000DB041 /* TabBarController.swift in Sources */ = {isa = PBXBuildFile; fileRef = 277C3C5D2B67C265000DB041 /* TabBarController.swift */; };
		277C3C602B67CDD3000DB041 /* HomeVC.swift in Sources */ = {isa = PBXBuildFile; fileRef = 277C3C5F2B67CDD3000DB041 /* HomeVC.swift */; };
		277C3C622B6EA7C4000DB041 /* OpenSans-Regular.ttf in Resources */ = {isa = PBXBuildFile; fileRef = 277C3C612B6EA7C4000DB041 /* OpenSans-Regular.ttf */; };
/* End PBXBuildFile section */

/* Begin PBXFileReference section */
		277C3C1F2B6419FF000DB041 /* OutStagram.app */ = {isa = PBXFileReference; explicitFileType = wrapper.application; includeInIndex = 0; path = OutStagram.app; sourceTree = BUILT_PRODUCTS_DIR; };
		277C3C222B6419FF000DB041 /* AppDelegate.swift */ = {isa = PBXFileReference; lastKnownFileType = sourcecode.swift; path = AppDelegate.swift; sourceTree = "<group>"; };
		277C3C242B6419FF000DB041 /* SceneDelegate.swift */ = {isa = PBXFileReference; lastKnownFileType = sourcecode.swift; path = SceneDelegate.swift; sourceTree = "<group>"; };
		277C3C2B2B641A01000DB041 /* Assets.xcassets */ = {isa = PBXFileReference; lastKnownFileType = folder.assetcatalog; path = Assets.xcassets; sourceTree = "<group>"; };
		277C3C2E2B641A01000DB041 /* Base */ = {isa = PBXFileReference; lastKnownFileType = file.storyboard; name = Base; path = Base.lproj/LaunchScreen.storyboard; sourceTree = "<group>"; };
		277C3C302B641A01000DB041 /* Info.plist */ = {isa = PBXFileReference; lastKnownFileType = text.plist.xml; path = Info.plist; sourceTree = "<group>"; };
		277C3C3B2B641A82000DB041 /* UserInforData.swift */ = {isa = PBXFileReference; lastKnownFileType = sourcecode.swift; path = UserInforData.swift; sourceTree = "<group>"; };
		277C3C3D2B641A8F000DB041 /* Category.swift */ = {isa = PBXFileReference; lastKnownFileType = sourcecode.swift; path = Category.swift; sourceTree = "<group>"; };
		277C3C3F2B641A9D000DB041 /* TaskViewModel.swift */ = {isa = PBXFileReference; lastKnownFileType = sourcecode.swift; path = TaskViewModel.swift; sourceTree = "<group>"; };
		277C3C412B641AA9000DB041 /* TaskDataManager.swift */ = {isa = PBXFileReference; lastKnownFileType = sourcecode.swift; path = TaskDataManager.swift; sourceTree = "<group>"; };
		277C3C432B641ACD000DB041 /* MainVC.swift */ = {isa = PBXFileReference; lastKnownFileType = sourcecode.swift; path = MainVC.swift; sourceTree = "<group>"; };
		277C3C472B641AE7000DB041 /* TodoVC.swift */ = {isa = PBXFileReference; lastKnownFileType = sourcecode.swift; path = TodoVC.swift; sourceTree = "<group>"; };
		277C3C492B641AF8000DB041 /* CategoryVC.swift */ = {isa = PBXFileReference; lastKnownFileType = sourcecode.swift; path = CategoryVC.swift; sourceTree = "<group>"; };
		277C3C4B2B641B05000DB041 /* TaskListVC.swift */ = {isa = PBXFileReference; lastKnownFileType = sourcecode.swift; path = TaskListVC.swift; sourceTree = "<group>"; };
		277C3C4D2B641B12000DB041 /* PhotoCollectionVC.swift */ = {isa = PBXFileReference; lastKnownFileType = sourcecode.swift; path = PhotoCollectionVC.swift; sourceTree = "<group>"; };
		277C3C592B67877C000DB041 /* OpenSans-Bold.ttf */ = {isa = PBXFileReference; lastKnownFileType = file; name = "OpenSans-Bold.ttf"; path = "../../../../../../Downloads/Open_Sans/static/OpenSans-Bold.ttf"; sourceTree = "<group>"; };
		277C3C5B2B67C188000DB041 /* ProfileVC.swift */ = {isa = PBXFileReference; lastKnownFileType = sourcecode.swift; path = ProfileVC.swift; sourceTree = "<group>"; };
		277C3C5D2B67C265000DB041 /* TabBarController.swift */ = {isa = PBXFileReference; lastKnownFileType = sourcecode.swift; path = TabBarController.swift; sourceTree = "<group>"; };
		277C3C5F2B67CDD3000DB041 /* HomeVC.swift */ = {isa = PBXFileReference; lastKnownFileType = sourcecode.swift; path = HomeVC.swift; sourceTree = "<group>"; };
		277C3C612B6EA7C4000DB041 /* OpenSans-Regular.ttf */ = {isa = PBXFileReference; lastKnownFileType = file; name = "OpenSans-Regular.ttf"; path = "../../../../../../Downloads/Open_Sans/static/OpenSans-Regular.ttf"; sourceTree = "<group>"; };
/* End PBXFileReference section */

/* Begin PBXFrameworksBuildPhase section */
		277C3C1C2B6419FF000DB041 /* Frameworks */ = {
			isa = PBXFrameworksBuildPhase;
			buildActionMask = 2147483647;
			files = (
				277C3C512B641DF0000DB041 /* SnapKit in Frameworks */,
				277C3C532B641DF0000DB041 /* SnapKit-Dynamic in Frameworks */,
			);
			runOnlyForDeploymentPostprocessing = 0;
		};
/* End PBXFrameworksBuildPhase section */

/* Begin PBXGroup section */
		277C3C162B6419FF000DB041 = {
			isa = PBXGroup;
			children = (
				277C3C212B6419FF000DB041 /* OutStagram */,
				277C3C202B6419FF000DB041 /* Products */,
			);
			sourceTree = "<group>";
		};
		277C3C202B6419FF000DB041 /* Products */ = {
			isa = PBXGroup;
			children = (
				277C3C1F2B6419FF000DB041 /* OutStagram.app */,
			);
			name = Products;
			sourceTree = "<group>";
		};
		277C3C212B6419FF000DB041 /* OutStagram */ = {
			isa = PBXGroup;
			children = (
				277C3C392B641A2C000DB041 /* Models */,
				277C3C382B641A26000DB041 /* ViewModels */,
				277C3C372B641A23000DB041 /* DataManager */,
				277C3C362B641A21000DB041 /* Views */,
				277C3C3A2B641A50000DB041 /* Supporting Files */,
				277C3C302B641A01000DB041 /* Info.plist */,
			);
			path = OutStagram;
			sourceTree = "<group>";
		};
		277C3C362B641A21000DB041 /* Views */ = {
			isa = PBXGroup;
			children = (
				277C3C432B641ACD000DB041 /* MainVC.swift */,
				277C3C5D2B67C265000DB041 /* TabBarController.swift */,
				277C3C5F2B67CDD3000DB041 /* HomeVC.swift */,
				277C3C5B2B67C188000DB041 /* ProfileVC.swift */,
				277C3C472B641AE7000DB041 /* TodoVC.swift */,
				277C3C492B641AF8000DB041 /* CategoryVC.swift */,
				277C3C4B2B641B05000DB041 /* TaskListVC.swift */,
				277C3C4D2B641B12000DB041 /* PhotoCollectionVC.swift */,
			);
			path = Views;
			sourceTree = "<group>";
		};
		277C3C372B641A23000DB041 /* DataManager */ = {
			isa = PBXGroup;
			children = (
				277C3C412B641AA9000DB041 /* TaskDataManager.swift */,
			);
			path = DataManager;
			sourceTree = "<group>";
		};
		277C3C382B641A26000DB041 /* ViewModels */ = {
			isa = PBXGroup;
			children = (
				277C3C3F2B641A9D000DB041 /* TaskViewModel.swift */,
			);
			path = ViewModels;
			sourceTree = "<group>";
		};
		277C3C392B641A2C000DB041 /* Models */ = {
			isa = PBXGroup;
			children = (
				277C3C3B2B641A82000DB041 /* UserInforData.swift */,
				277C3C3D2B641A8F000DB041 /* Category.swift */,
			);
			path = Models;
			sourceTree = "<group>";
		};
		277C3C3A2B641A50000DB041 /* Supporting Files */ = {
			isa = PBXGroup;
			children = (
				277C3C582B678766000DB041 /* Fonts */,
				277C3C242B6419FF000DB041 /* SceneDelegate.swift */,
				277C3C222B6419FF000DB041 /* AppDelegate.swift */,
				277C3C2B2B641A01000DB041 /* Assets.xcassets */,
				277C3C2D2B641A01000DB041 /* LaunchScreen.storyboard */,
			);
			path = "Supporting Files";
			sourceTree = "<group>";
		};
		277C3C582B678766000DB041 /* Fonts */ = {
			isa = PBXGroup;
			children = (
				277C3C612B6EA7C4000DB041 /* OpenSans-Regular.ttf */,
				277C3C592B67877C000DB041 /* OpenSans-Bold.ttf */,
			);
			path = Fonts;
			sourceTree = "<group>";
		};
/* End PBXGroup section */

/* Begin PBXNativeTarget section */
		277C3C1E2B6419FF000DB041 /* OutStagram */ = {
			isa = PBXNativeTarget;
			buildConfigurationList = 277C3C332B641A01000DB041 /* Build configuration list for PBXNativeTarget "OutStagram" */;
			buildPhases = (
				277C3C1B2B6419FF000DB041 /* Sources */,
				277C3C1C2B6419FF000DB041 /* Frameworks */,
				277C3C1D2B6419FF000DB041 /* Resources */,
			);
			buildRules = (
			);
			dependencies = (
			);
			name = OutStagram;
			packageProductDependencies = (
				277C3C502B641DF0000DB041 /* SnapKit */,
				277C3C522B641DF0000DB041 /* SnapKit-Dynamic */,
			);
			productName = OutStagram;
			productReference = 277C3C1F2B6419FF000DB041 /* OutStagram.app */;
			productType = "com.apple.product-type.application";
		};
/* End PBXNativeTarget section */

/* Begin PBXProject section */
		277C3C172B6419FF000DB041 /* Project object */ = {
			isa = PBXProject;
			attributes = {
				BuildIndependentTargetsInParallel = 1;
				LastSwiftUpdateCheck = 1510;
				LastUpgradeCheck = 1510;
				TargetAttributes = {
					277C3C1E2B6419FF000DB041 = {
						CreatedOnToolsVersion = 15.1;
					};
				};
			};
			buildConfigurationList = 277C3C1A2B6419FF000DB041 /* Build configuration list for PBXProject "OutStagram" */;
			compatibilityVersion = "Xcode 14.0";
			developmentRegion = en;
			hasScannedForEncodings = 0;
			knownRegions = (
				en,
				Base,
			);
			mainGroup = 277C3C162B6419FF000DB041;
			packageReferences = (
				277C3C4F2B641DF0000DB041 /* XCRemoteSwiftPackageReference "SnapKit" */,
			);
			productRefGroup = 277C3C202B6419FF000DB041 /* Products */;
			projectDirPath = "";
			projectRoot = "";
			targets = (
				277C3C1E2B6419FF000DB041 /* OutStagram */,
			);
		};
/* End PBXProject section */

/* Begin PBXResourcesBuildPhase section */
		277C3C1D2B6419FF000DB041 /* Resources */ = {
			isa = PBXResourcesBuildPhase;
			buildActionMask = 2147483647;
			files = (
				277C3C2F2B641A01000DB041 /* LaunchScreen.storyboard in Resources */,
				277C3C2C2B641A01000DB041 /* Assets.xcassets in Resources */,
				277C3C622B6EA7C4000DB041 /* OpenSans-Regular.ttf in Resources */,
				277C3C5A2B67877C000DB041 /* OpenSans-Bold.ttf in Resources */,
			);
			runOnlyForDeploymentPostprocessing = 0;
		};
/* End PBXResourcesBuildPhase section */

/* Begin PBXSourcesBuildPhase section */
		277C3C1B2B6419FF000DB041 /* Sources */ = {
			isa = PBXSourcesBuildPhase;
			buildActionMask = 2147483647;
			files = (
				277C3C482B641AE7000DB041 /* TodoVC.swift in Sources */,
				277C3C602B67CDD3000DB041 /* HomeVC.swift in Sources */,
				277C3C4E2B641B12000DB041 /* PhotoCollectionVC.swift in Sources */,
				277C3C3C2B641A82000DB041 /* UserInforData.swift in Sources */,
				277C3C422B641AA9000DB041 /* TaskDataManager.swift in Sources */,
				277C3C402B641A9D000DB041 /* TaskViewModel.swift in Sources */,
				277C3C4A2B641AF8000DB041 /* CategoryVC.swift in Sources */,
				277C3C3E2B641A8F000DB041 /* Category.swift in Sources */,
				277C3C4C2B641B05000DB041 /* TaskListVC.swift in Sources */,
				277C3C442B641ACD000DB041 /* MainVC.swift in Sources */,
				277C3C5C2B67C188000DB041 /* ProfileVC.swift in Sources */,
				277C3C5E2B67C265000DB041 /* TabBarController.swift in Sources */,
				277C3C232B6419FF000DB041 /* AppDelegate.swift in Sources */,
				277C3C252B6419FF000DB041 /* SceneDelegate.swift in Sources */,
			);
			runOnlyForDeploymentPostprocessing = 0;
		};
/* End PBXSourcesBuildPhase section */

/* Begin PBXVariantGroup section */
		277C3C2D2B641A01000DB041 /* LaunchScreen.storyboard */ = {
			isa = PBXVariantGroup;
			children = (
				277C3C2E2B641A01000DB041 /* Base */,
			);
			name = LaunchScreen.storyboard;
			sourceTree = "<group>";
		};
/* End PBXVariantGroup section */

/* Begin XCBuildConfiguration section */
		277C3C312B641A01000DB041 /* Debug */ = {
			isa = XCBuildConfiguration;
			buildSettings = {
				ALWAYS_SEARCH_USER_PATHS = NO;
				ASSETCATALOG_COMPILER_GENERATE_SWIFT_ASSET_SYMBOL_EXTENSIONS = YES;
				CLANG_ANALYZER_NONNULL = YES;
				CLANG_ANALYZER_NUMBER_OBJECT_CONVERSION = YES_AGGRESSIVE;
				CLANG_CXX_LANGUAGE_STANDARD = "gnu++20";
				CLANG_ENABLE_MODULES = YES;
				CLANG_ENABLE_OBJC_ARC = YES;
				CLANG_ENABLE_OBJC_WEAK = YES;
				CLANG_WARN_BLOCK_CAPTURE_AUTORELEASING = YES;
				CLANG_WARN_BOOL_CONVERSION = YES;
				CLANG_WARN_COMMA = YES;
				CLANG_WARN_CONSTANT_CONVERSION = YES;
				CLANG_WARN_DEPRECATED_OBJC_IMPLEMENTATIONS = YES;
				CLANG_WARN_DIRECT_OBJC_ISA_USAGE = YES_ERROR;
				CLANG_WARN_DOCUMENTATION_COMMENTS = YES;
				CLANG_WARN_EMPTY_BODY = YES;
				CLANG_WARN_ENUM_CONVERSION = YES;
				CLANG_WARN_INFINITE_RECURSION = YES;
				CLANG_WARN_INT_CONVERSION = YES;
				CLANG_WARN_NON_LITERAL_NULL_CONVERSION = YES;
				CLANG_WARN_OBJC_IMPLICIT_RETAIN_SELF = YES;
				CLANG_WARN_OBJC_LITERAL_CONVERSION = YES;
				CLANG_WARN_OBJC_ROOT_CLASS = YES_ERROR;
				CLANG_WARN_QUOTED_INCLUDE_IN_FRAMEWORK_HEADER = YES;
				CLANG_WARN_RANGE_LOOP_ANALYSIS = YES;
				CLANG_WARN_STRICT_PROTOTYPES = YES;
				CLANG_WARN_SUSPICIOUS_MOVE = YES;
				CLANG_WARN_UNGUARDED_AVAILABILITY = YES_AGGRESSIVE;
				CLANG_WARN_UNREACHABLE_CODE = YES;
				CLANG_WARN__DUPLICATE_METHOD_MATCH = YES;
				COPY_PHASE_STRIP = NO;
				DEBUG_INFORMATION_FORMAT = dwarf;
				ENABLE_STRICT_OBJC_MSGSEND = YES;
				ENABLE_TESTABILITY = YES;
				ENABLE_USER_SCRIPT_SANDBOXING = YES;
				GCC_C_LANGUAGE_STANDARD = gnu17;
				GCC_DYNAMIC_NO_PIC = NO;
				GCC_NO_COMMON_BLOCKS = YES;
				GCC_OPTIMIZATION_LEVEL = 0;
				GCC_PREPROCESSOR_DEFINITIONS = (
					"DEBUG=1",
					"$(inherited)",
				);
				GCC_WARN_64_TO_32_BIT_CONVERSION = YES;
				GCC_WARN_ABOUT_RETURN_TYPE = YES_ERROR;
				GCC_WARN_UNDECLARED_SELECTOR = YES;
				GCC_WARN_UNINITIALIZED_AUTOS = YES_AGGRESSIVE;
				GCC_WARN_UNUSED_FUNCTION = YES;
				GCC_WARN_UNUSED_VARIABLE = YES;
				IPHONEOS_DEPLOYMENT_TARGET = 16.2;
				LOCALIZATION_PREFERS_STRING_CATALOGS = YES;
				MTL_ENABLE_DEBUG_INFO = INCLUDE_SOURCE;
				MTL_FAST_MATH = YES;
				ONLY_ACTIVE_ARCH = YES;
				SDKROOT = iphoneos;
				SWIFT_ACTIVE_COMPILATION_CONDITIONS = "DEBUG $(inherited)";
				SWIFT_OPTIMIZATION_LEVEL = "-Onone";
			};
			name = Debug;
		};
		277C3C322B641A01000DB041 /* Release */ = {
			isa = XCBuildConfiguration;
			buildSettings = {
				ALWAYS_SEARCH_USER_PATHS = NO;
				ASSETCATALOG_COMPILER_GENERATE_SWIFT_ASSET_SYMBOL_EXTENSIONS = YES;
				CLANG_ANALYZER_NONNULL = YES;
				CLANG_ANALYZER_NUMBER_OBJECT_CONVERSION = YES_AGGRESSIVE;
				CLANG_CXX_LANGUAGE_STANDARD = "gnu++20";
				CLANG_ENABLE_MODULES = YES;
				CLANG_ENABLE_OBJC_ARC = YES;
				CLANG_ENABLE_OBJC_WEAK = YES;
				CLANG_WARN_BLOCK_CAPTURE_AUTORELEASING = YES;
				CLANG_WARN_BOOL_CONVERSION = YES;
				CLANG_WARN_COMMA = YES;
				CLANG_WARN_CONSTANT_CONVERSION = YES;
				CLANG_WARN_DEPRECATED_OBJC_IMPLEMENTATIONS = YES;
				CLANG_WARN_DIRECT_OBJC_ISA_USAGE = YES_ERROR;
				CLANG_WARN_DOCUMENTATION_COMMENTS = YES;
				CLANG_WARN_EMPTY_BODY = YES;
				CLANG_WARN_ENUM_CONVERSION = YES;
				CLANG_WARN_INFINITE_RECURSION = YES;
				CLANG_WARN_INT_CONVERSION = YES;
				CLANG_WARN_NON_LITERAL_NULL_CONVERSION = YES;
				CLANG_WARN_OBJC_IMPLICIT_RETAIN_SELF = YES;
				CLANG_WARN_OBJC_LITERAL_CONVERSION = YES;
				CLANG_WARN_OBJC_ROOT_CLASS = YES_ERROR;
				CLANG_WARN_QUOTED_INCLUDE_IN_FRAMEWORK_HEADER = YES;
				CLANG_WARN_RANGE_LOOP_ANALYSIS = YES;
				CLANG_WARN_STRICT_PROTOTYPES = YES;
				CLANG_WARN_SUSPICIOUS_MOVE = YES;
				CLANG_WARN_UNGUARDED_AVAILABILITY = YES_AGGRESSIVE;
				CLANG_WARN_UNREACHABLE_CODE = YES;
				CLANG_WARN__DUPLICATE_METHOD_MATCH = YES;
				COPY_PHASE_STRIP = NO;
				DEBUG_INFORMATION_FORMAT = "dwarf-with-dsym";
				ENABLE_NS_ASSERTIONS = NO;
				ENABLE_STRICT_OBJC_MSGSEND = YES;
				ENABLE_USER_SCRIPT_SANDBOXING = YES;
				GCC_C_LANGUAGE_STANDARD = gnu17;
				GCC_NO_COMMON_BLOCKS = YES;
				GCC_WARN_64_TO_32_BIT_CONVERSION = YES;
				GCC_WARN_ABOUT_RETURN_TYPE = YES_ERROR;
				GCC_WARN_UNDECLARED_SELECTOR = YES;
				GCC_WARN_UNINITIALIZED_AUTOS = YES_AGGRESSIVE;
				GCC_WARN_UNUSED_FUNCTION = YES;
				GCC_WARN_UNUSED_VARIABLE = YES;
				IPHONEOS_DEPLOYMENT_TARGET = 16.2;
				LOCALIZATION_PREFERS_STRING_CATALOGS = YES;
				MTL_ENABLE_DEBUG_INFO = NO;
				MTL_FAST_MATH = YES;
				SDKROOT = iphoneos;
				SWIFT_COMPILATION_MODE = wholemodule;
				VALIDATE_PRODUCT = YES;
			};
			name = Release;
		};
		277C3C342B641A01000DB041 /* Debug */ = {
			isa = XCBuildConfiguration;
			buildSettings = {
				ASSETCATALOG_COMPILER_APPICON_NAME = AppIcon;
				ASSETCATALOG_COMPILER_GLOBAL_ACCENT_COLOR_NAME = AccentColor;
				CODE_SIGN_STYLE = Automatic;
				CURRENT_PROJECT_VERSION = 1;
				GENERATE_INFOPLIST_FILE = YES;
				INFOPLIST_FILE = OutStagram/Info.plist;
				INFOPLIST_KEY_UIApplicationSupportsIndirectInputEvents = YES;
				INFOPLIST_KEY_UILaunchStoryboardName = LaunchScreen;
				INFOPLIST_KEY_UIMainStoryboardFile = "";
				INFOPLIST_KEY_UISupportedInterfaceOrientations_iPad = "UIInterfaceOrientationPortrait UIInterfaceOrientationPortraitUpsideDown UIInterfaceOrientationLandscapeLeft UIInterfaceOrientationLandscapeRight";
				INFOPLIST_KEY_UISupportedInterfaceOrientations_iPhone = "UIInterfaceOrientationPortrait UIInterfaceOrientationLandscapeLeft UIInterfaceOrientationLandscapeRight";
				LD_RUNPATH_SEARCH_PATHS = (
					"$(inherited)",
					"@executable_path/Frameworks",
				);
				MARKETING_VERSION = 1.0;
				PRODUCT_BUNDLE_IDENTIFIER = com.Yujin.OutStagram;
				PRODUCT_NAME = "$(TARGET_NAME)";
				SWIFT_EMIT_LOC_STRINGS = YES;
				SWIFT_VERSION = 5.0;
				TARGETED_DEVICE_FAMILY = "1,2";
			};
			name = Debug;
		};
		277C3C352B641A01000DB041 /* Release */ = {
			isa = XCBuildConfiguration;
			buildSettings = {
				ASSETCATALOG_COMPILER_APPICON_NAME = AppIcon;
				ASSETCATALOG_COMPILER_GLOBAL_ACCENT_COLOR_NAME = AccentColor;
				CODE_SIGN_STYLE = Automatic;
				CURRENT_PROJECT_VERSION = 1;
				GENERATE_INFOPLIST_FILE = YES;
				INFOPLIST_FILE = OutStagram/Info.plist;
				INFOPLIST_KEY_UIApplicationSupportsIndirectInputEvents = YES;
				INFOPLIST_KEY_UILaunchStoryboardName = LaunchScreen;
				INFOPLIST_KEY_UIMainStoryboardFile = "";
				INFOPLIST_KEY_UISupportedInterfaceOrientations_iPad = "UIInterfaceOrientationPortrait UIInterfaceOrientationPortraitUpsideDown UIInterfaceOrientationLandscapeLeft UIInterfaceOrientationLandscapeRight";
				INFOPLIST_KEY_UISupportedInterfaceOrientations_iPhone = "UIInterfaceOrientationPortrait UIInterfaceOrientationLandscapeLeft UIInterfaceOrientationLandscapeRight";
				LD_RUNPATH_SEARCH_PATHS = (
					"$(inherited)",
					"@executable_path/Frameworks",
				);
				MARKETING_VERSION = 1.0;
				PRODUCT_BUNDLE_IDENTIFIER = com.Yujin.OutStagram;
				PRODUCT_NAME = "$(TARGET_NAME)";
				SWIFT_EMIT_LOC_STRINGS = YES;
				SWIFT_VERSION = 5.0;
				TARGETED_DEVICE_FAMILY = "1,2";
			};
			name = Release;
		};
/* End XCBuildConfiguration section */

/* Begin XCConfigurationList section */
		277C3C1A2B6419FF000DB041 /* Build configuration list for PBXProject "OutStagram" */ = {
			isa = XCConfigurationList;
			buildConfigurations = (
				277C3C312B641A01000DB041 /* Debug */,
				277C3C322B641A01000DB041 /* Release */,
			);
			defaultConfigurationIsVisible = 0;
			defaultConfigurationName = Release;
		};
		277C3C332B641A01000DB041 /* Build configuration list for PBXNativeTarget "OutStagram" */ = {
			isa = XCConfigurationList;
			buildConfigurations = (
				277C3C342B641A01000DB041 /* Debug */,
				277C3C352B641A01000DB041 /* Release */,
			);
			defaultConfigurationIsVisible = 0;
			defaultConfigurationName = Release;
		};
/* End XCConfigurationList section */

/* Begin XCRemoteSwiftPackageReference section */
		277C3C4F2B641DF0000DB041 /* XCRemoteSwiftPackageReference "SnapKit" */ = {
			isa = XCRemoteSwiftPackageReference;
			repositoryURL = "https://github.com/SnapKit/SnapKit.git";
			requirement = {
				kind = upToNextMajorVersion;
				minimumVersion = 5.7.0;
			};
		};
/* End XCRemoteSwiftPackageReference section */

/* Begin XCSwiftPackageProductDependency section */
		277C3C502B641DF0000DB041 /* SnapKit */ = {
			isa = XCSwiftPackageProductDependency;
			package = 277C3C4F2B641DF0000DB041 /* XCRemoteSwiftPackageReference "SnapKit" */;
			productName = SnapKit;
		};
		277C3C522B641DF0000DB041 /* SnapKit-Dynamic */ = {
			isa = XCSwiftPackageProductDependency;
			package = 277C3C4F2B641DF0000DB041 /* XCRemoteSwiftPackageReference "SnapKit" */;
			productName = "SnapKit-Dynamic";
		};
/* End XCSwiftPackageProductDependency section */
	};
	rootObject = 277C3C172B6419FF000DB041 /* Project object */;
}
